
Microsoft Visual Studio Solution File, Format Version 12.00
# Visual Studio 15
VisualStudioVersion = 15.0.28307.779
MinimumVisualStudioVersion = 10.0.40219.1
Project("{9A19103F-16F7-4668-BE54-9A1E7A4F7556}") = "web", "web.csproj", "{3612F250-CEBB-4E5C-8314-D492865E588B}"
EndProject
Global
	GlobalSection(SolutionConfigurationPlatforms) = preSolution
		Debug|Any CPU = Debug|Any CPU
		Release|Any CPU = Release|Any CPU
	EndGlobalSection
	GlobalSection(ProjectConfigurationPlatforms) = postSolution
		{3612F250-CEBB-4E5C-8314-D492865E588B}.Debug|Any CPU.ActiveCfg = Debug|Any CPU
		{3612F250-CEBB-4E5C-8314-D492865E588B}.Debug|Any CPU.Build.0 = Debug|Any CPU
		{3612F250-CEBB-4E5C-8314-D492865E588B}.Release|Any CPU.ActiveCfg = Release|Any CPU
		{3612F250-CEBB-4E5C-8314-D492865E588B}.Release|Any CPU.Build.0 = Release|Any CPU
	EndGlobalSection
	GlobalSection(SolutionProperties) = preSolution
		HideSolutionNode = FALSE
	EndGlobalSection
	GlobalSection(ExtensibilityGlobals) = postSolution
		SolutionGuid = {1346937F-128D-443F-9678-A7AA42E09A72}
	EndGlobalSection
EndGlobal
